
Microsoft Visual Studio Solution File, Format Version 12.00
# Visual Studio Version 17
VisualStudioVersion = 17.14.36518.9 d17.14
MinimumVisualStudioVersion = 10.0.40219.1
Project("{FAE04EC0-301F-11D3-BF4B-00C04F79EFBC}") = "Library_CoCaro", "Library_CoCaro\Library_CoCaro.csproj", "{FDCDDFCF-FDBF-413A-A454-D9460C6412D3}"
EndProject
Project("{FAE04EC0-301F-11D3-BF4B-00C04F79EFBC}") = "ConsoleCoCaro", "ConsoleCoCaro\ConsoleCoCaro.csproj", "{5B52D9A8-81E1-4AD3-B5A2-EDA4A0DAC560}"
EndProject
Project("{FAE04EC0-301F-11D3-BF4B-00C04F79EFBC}") = "WinFormCoCaro", "WinFormCoCaro\WinFormCoCaro.csproj", "{66ACC424-99FB-4638-8B47-CD4256A7E6AF}"
EndProject
Project("{FAE04EC0-301F-11D3-BF4B-00C04F79EFBC}") = "WebAppCoCaro", "WebAppCoCaro\WebAppCoCaro.csproj", "{E716C261-35A7-4BBE-8D7D-1232EBE15D0F}"
EndProject
Global
	GlobalSection(SolutionConfigurationPlatforms) = preSolution
		Debug|Any CPU = Debug|Any CPU
		Release|Any CPU = Release|Any CPU
	EndGlobalSection
	GlobalSection(ProjectConfigurationPlatforms) = postSolution
		{FDCDDFCF-FDBF-413A-A454-D9460C6412D3}.Debug|Any CPU.ActiveCfg = Debug|Any CPU
		{FDCDDFCF-FDBF-413A-A454-D9460C6412D3}.Debug|Any CPU.Build.0 = Debug|Any CPU
		{FDCDDFCF-FDBF-413A-A454-D9460C6412D3}.Release|Any CPU.ActiveCfg = Release|Any CPU
		{FDCDDFCF-FDBF-413A-A454-D9460C6412D3}.Release|Any CPU.Build.0 = Release|Any CPU
		{5B52D9A8-81E1-4AD3-B5A2-EDA4A0DAC560}.Debug|Any CPU.ActiveCfg = Debug|Any CPU
		{5B52D9A8-81E1-4AD3-B5A2-EDA4A0DAC560}.Debug|Any CPU.Build.0 = Debug|Any CPU
		{5B52D9A8-81E1-4AD3-B5A2-EDA4A0DAC560}.Release|Any CPU.ActiveCfg = Release|Any CPU
		{5B52D9A8-81E1-4AD3-B5A2-EDA4A0DAC560}.Release|Any CPU.Build.0 = Release|Any CPU
		{66ACC424-99FB-4638-8B47-CD4256A7E6AF}.Debug|Any CPU.ActiveCfg = Debug|Any CPU
		{66ACC424-99FB-4638-8B47-CD4256A7E6AF}.Debug|Any CPU.Build.0 = Debug|Any CPU
		{66ACC424-99FB-4638-8B47-CD4256A7E6AF}.Release|Any CPU.ActiveCfg = Release|Any CPU
		{66ACC424-99FB-4638-8B47-CD4256A7E6AF}.Release|Any CPU.Build.0 = Release|Any CPU
		{E716C261-35A7-4BBE-8D7D-1232EBE15D0F}.Debug|Any CPU.ActiveCfg = Debug|Any CPU
		{E716C261-35A7-4BBE-8D7D-1232EBE15D0F}.Debug|Any CPU.Build.0 = Debug|Any CPU
		{E716C261-35A7-4BBE-8D7D-1232EBE15D0F}.Release|Any CPU.ActiveCfg = Release|Any CPU
		{E716C261-35A7-4BBE-8D7D-1232EBE15D0F}.Release|Any CPU.Build.0 = Release|Any CPU
	EndGlobalSection
	GlobalSection(SolutionProperties) = preSolution
		HideSolutionNode = FALSE
	EndGlobalSection
	GlobalSection(ExtensibilityGlobals) = postSolution
		SolutionGuid = {4A223EC0-BC33-4442-81AC-EA1F95910B03}
	EndGlobalSection
EndGlobal
